# generated by rye
# use `rye lock` or `rye sync` to update this lockfile
#
# last locked with the following flags:
#   pre: false
#   features: []
#   all-features: false
#   with-sources: false
#   generate-hashes: false
#   universal: false

-e file:.
aiofiles==24.1.0
    # via quart
beautifulsoup4==4.12.3
    # via osu-wiki-preview
blinker==1.8.2
    # via flask
    # via quart
click==8.1.7
    # via flask
    # via quart
colorama==0.4.6
    # via click
flask==3.0.3
    # via quart
gitdb==4.0.11
    # via gitpython
gitpython==3.1.43
    # via osu-wiki-preview
h11==0.14.0
    # via hypercorn
    # via wsproto
h2==4.1.0
    # via hypercorn
hpack==4.0.0
    # via h2
humanize==4.11.0
    # via osu-wiki-preview
hypercorn==0.17.3
    # via quart
hyperframe==6.0.1
    # via h2
itsdangerous==2.2.0
    # via flask
    # via quart
jinja2==3.1.4
    # via flask
    # via quart
markdown-it-py==3.0.0
    # via mdit-py-plugins
    # via osu-wiki-preview
markupsafe==2.1.5
    # via jinja2
    # via quart
    # via werkzeug
mdit-py-plugins==0.4.2
    # via osu-wiki-preview
mdurl==0.1.2
    # via markdown-it-py
osu-wiki-tools==2.3.2
    # via osu-wiki-preview
pathspec==0.12.1
    # via yamllint
priority==2.0.0
    # via hypercorn
pyyaml==6.0.1
    # via osu-wiki-preview
    # via osu-wiki-tools
    # via yamllint
quart==0.19.6
    # via osu-wiki-preview
smmap==5.0.1
    # via gitdb
soupsieve==2.5
    # via beautifulsoup4
types-beautifulsoup4==4.12.0.20240907
types-html5lib==1.1.11.20240806
    # via types-beautifulsoup4
types-pyyaml==6.0.12.12
    # via osu-wiki-tools
werkzeug==3.0.3
    # via flask
    # via quart
wsproto==1.2.0
    # via hypercorn
yamllint==1.33.0
    # via osu-wiki-tools
